// !$*UTF8*$!
{
	archiveVersion = 1;
	classes = {
	};
	objectVersion = 47;
	objects = {

/* Begin PBXBuildFile section */
		1107B3DD1EF1751900E2DFA9 /* TextGlyphComponent.cpp in Sources */ = {isa = PBXBuildFile; fileRef = 1107B3DB1EF1751900E2DFA9 /* TextGlyphComponent.cpp */; };
		1107B3DE1EF1751900E2DFA9 /* TextGlyphComponent.cpp in Sources */ = {isa = PBXBuildFile; fileRef = 1107B3DB1EF1751900E2DFA9 /* TextGlyphComponent.cpp */; };
		1107B3E11EF2D2BA00E2DFA9 /* PathHandleComponent.cpp in Sources */ = {isa = PBXBuildFile; fileRef = 1107B3DF1EF2D2BA00E2DFA9 /* PathHandleComponent.cpp */; };
		1107B3E21EF2D45500E2DFA9 /* PathHandleComponent.cpp in Sources */ = {isa = PBXBuildFile; fileRef = 1107B3DF1EF2D2BA00E2DFA9 /* PathHandleComponent.cpp */; };
		1107B3E91EF5388500E2DFA9 /* PathInfo.cpp in Sources */ = {isa = PBXBuildFile; fileRef = 1107B3E71EF5388500E2DFA9 /* PathInfo.cpp */; };
		1107B3EA1EF5388500E2DFA9 /* PathInfo.cpp in Sources */ = {isa = PBXBuildFile; fileRef = 1107B3E71EF5388500E2DFA9 /* PathInfo.cpp */; };
		1107B3F31EF7D54800E2DFA9 /* symbolist.cpp in Sources */ = {isa = PBXBuildFile; fileRef = 44A3C1EC1EC317BE00C4AD14 /* symbolist.cpp */; };
		1107B3F41EF7D54E00E2DFA9 /* OSCIO.cpp in Sources */ = {isa = PBXBuildFile; fileRef = 446363931EC6F4960054CB6D /* OSCIO.cpp */; };
		1107B3F51EF7D55D00E2DFA9 /* Symbol.cpp in Sources */ = {isa = PBXBuildFile; fileRef = 44B718AF1EDD9D010039884E /* Symbol.cpp */; };
		1107B3F61EF7D55D00E2DFA9 /* Score.cpp in Sources */ = {isa = PBXBuildFile; fileRef = 118C38DC1EC5BC4F006FF4A1 /* Score.cpp */; };
		1107B3F71EF7D55D00E2DFA9 /* TextGlyphComponent.cpp in Sources */ = {isa = PBXBuildFile; fileRef = 1107B3DB1EF1751900E2DFA9 /* TextGlyphComponent.cpp */; };
		1107B3F91EF7D55D00E2DFA9 /* PathInfo.cpp in Sources */ = {isa = PBXBuildFile; fileRef = 1107B3E71EF5388500E2DFA9 /* PathInfo.cpp */; };
		1107B3FA1EF7D55D00E2DFA9 /* PathHandleComponent.cpp in Sources */ = {isa = PBXBuildFile; fileRef = 1107B3DF1EF2D2BA00E2DFA9 /* PathHandleComponent.cpp */; };
		1107B3FB1EF7D55D00E2DFA9 /* PathBaseComponent.cpp in Sources */ = {isa = PBXBuildFile; fileRef = 11D86B891EEAEF7900681F6D /* PathBaseComponent.cpp */; };
		1107B3FC1EF7D55D00E2DFA9 /* BaseComponent.cpp in Sources */ = {isa = PBXBuildFile; fileRef = 118C38E21EC5EB23006FF4A1 /* BaseComponent.cpp */; };
		1107B3FD1EF7D55D00E2DFA9 /* SymbolGroupComponent.cpp in Sources */ = {isa = PBXBuildFile; fileRef = 444C43A31EE4A748000C6F69 /* SymbolGroupComponent.cpp */; };
		1107B3FE1EF7D55D00E2DFA9 /* PaletteComponent.cpp in Sources */ = {isa = PBXBuildFile; fileRef = 118C38ED1EC61404006FF4A1 /* PaletteComponent.cpp */; };
		1107B3FF1EF7D55D00E2DFA9 /* PageComponent.cpp in Sources */ = {isa = PBXBuildFile; fileRef = 444C439F1EE4A2E4000C6F69 /* PageComponent.cpp */; };
		1107B4001EF7D55D00E2DFA9 /* ScoreComponent.cpp in Sources */ = {isa = PBXBuildFile; fileRef = 11CE005C1EC4B31200E4F624 /* ScoreComponent.cpp */; };
		1107B4011EF7D55D00E2DFA9 /* SymbolistComponent.cpp in Sources */ = {isa = PBXBuildFile; fileRef = 444CD9021EDDAF1B001AC03A /* SymbolistComponent.cpp */; };
		1107B4021EF7D55D00E2DFA9 /* SymbolistMainComponent.cpp in Sources */ = {isa = PBXBuildFile; fileRef = 11CE00531EC328EC00E4F624 /* SymbolistMainComponent.cpp */; };
		1107B4031EF7D55D00E2DFA9 /* SymbolistMainWindow.cpp in Sources */ = {isa = PBXBuildFile; fileRef = 446388D41EC34DC90038CFCB /* SymbolistMainWindow.cpp */; };
		1186486B1EF7E68200904672 /* include_juce_osc.cpp in Sources */ = {isa = PBXBuildFile; fileRef = 44C0729D1EC4AF870028D5F8 /* include_juce_osc.cpp */; };
		1186486C1EF7E68B00904672 /* include_juce_core.mm in Sources */ = {isa = PBXBuildFile; fileRef = 3FAB00DCF22EB4922567B583 /* include_juce_core.mm */; };
		1186486D1EF7E68B00904672 /* include_juce_data_structures.mm in Sources */ = {isa = PBXBuildFile; fileRef = B5F75CE38D2D3A7CD56C4F40 /* include_juce_data_structures.mm */; };
		1186486E1EF7E68B00904672 /* include_juce_events.mm in Sources */ = {isa = PBXBuildFile; fileRef = C69F3680012FCE60A205EF05 /* include_juce_events.mm */; };
		1186486F1EF7E68B00904672 /* include_juce_graphics.mm in Sources */ = {isa = PBXBuildFile; fileRef = 853ACA2E570BAA4D86EE11C0 /* include_juce_graphics.mm */; };
		118648701EF7E68B00904672 /* include_juce_gui_basics.mm in Sources */ = {isa = PBXBuildFile; fileRef = 1FFFC6EDE4A457A367163EEE /* include_juce_gui_basics.mm */; };
		118648711EF7E68B00904672 /* include_juce_gui_extra.mm in Sources */ = {isa = PBXBuildFile; fileRef = 48794DC1DC8CDA7359E3681F /* include_juce_gui_extra.mm */; };
		118648721EF7E71200904672 /* Carbon.framework in Frameworks */ = {isa = PBXBuildFile; fileRef = 87F9A8E8F628CFBD00805519 /* Carbon.framework */; };
		118648731EF7E71500904672 /* Cocoa.framework in Frameworks */ = {isa = PBXBuildFile; fileRef = 26C36CB1C5754D666DE2579C /* Cocoa.framework */; };
		118648741EF7E71900904672 /* IOKit.framework in Frameworks */ = {isa = PBXBuildFile; fileRef = 938CD7E1345066F383D85CAB /* IOKit.framework */; };
		118648751EF7E71900904672 /* QuartzCore.framework in Frameworks */ = {isa = PBXBuildFile; fileRef = 4A18855981466E65AB497B9D /* QuartzCore.framework */; };
		118648761EF7E71900904672 /* WebKit.framework in Frameworks */ = {isa = PBXBuildFile; fileRef = 981D2B1E1F9131A715FECA14 /* WebKit.framework */; };
		118648961EFA811800904672 /* TimePointArray.cpp in Sources */ = {isa = PBXBuildFile; fileRef = 118648941EFA811800904672 /* TimePointArray.cpp */; };
		118648971EFA811800904672 /* TimePointArray.cpp in Sources */ = {isa = PBXBuildFile; fileRef = 118648941EFA811800904672 /* TimePointArray.cpp */; };
		118648981EFA811800904672 /* TimePointArray.cpp in Sources */ = {isa = PBXBuildFile; fileRef = 118648941EFA811800904672 /* TimePointArray.cpp */; };
		118648991EFA811800904672 /* TimePointArray.h in Headers */ = {isa = PBXBuildFile; fileRef = 118648951EFA811800904672 /* TimePointArray.h */; };
		1186489C1EFAC44100904672 /* ScoreCursor.cpp in Sources */ = {isa = PBXBuildFile; fileRef = 1186489A1EFAC44100904672 /* ScoreCursor.cpp */; };
		1186489D1EFAC44100904672 /* ScoreCursor.cpp in Sources */ = {isa = PBXBuildFile; fileRef = 1186489A1EFAC44100904672 /* ScoreCursor.cpp */; };
		1186489E1EFAC44100904672 /* ScoreCursor.cpp in Sources */ = {isa = PBXBuildFile; fileRef = 1186489A1EFAC44100904672 /* ScoreCursor.cpp */; };
		118648A21EFBB5D500904672 /* TimePointGUI.cpp in Sources */ = {isa = PBXBuildFile; fileRef = 118648A01EFBB5D500904672 /* TimePointGUI.cpp */; };
		118648A31EFBB5D500904672 /* TimePointGUI.cpp in Sources */ = {isa = PBXBuildFile; fileRef = 118648A01EFBB5D500904672 /* TimePointGUI.cpp */; };
		118648A41EFBB5D500904672 /* TimePointGUI.cpp in Sources */ = {isa = PBXBuildFile; fileRef = 118648A01EFBB5D500904672 /* TimePointGUI.cpp */; };
		118C38DE1EC5BC4F006FF4A1 /* Score.cpp in Sources */ = {isa = PBXBuildFile; fileRef = 118C38DC1EC5BC4F006FF4A1 /* Score.cpp */; };
		118C38DF1EC5BC4F006FF4A1 /* Score.cpp in Sources */ = {isa = PBXBuildFile; fileRef = 118C38DC1EC5BC4F006FF4A1 /* Score.cpp */; };
		118C38E31EC5EB23006FF4A1 /* BaseComponent.cpp in Sources */ = {isa = PBXBuildFile; fileRef = 118C38E21EC5EB23006FF4A1 /* BaseComponent.cpp */; };
		118C38E41EC5EB23006FF4A1 /* BaseComponent.cpp in Sources */ = {isa = PBXBuildFile; fileRef = 118C38E21EC5EB23006FF4A1 /* BaseComponent.cpp */; };
		118C38EF1EC61404006FF4A1 /* PaletteComponent.cpp in Sources */ = {isa = PBXBuildFile; fileRef = 118C38ED1EC61404006FF4A1 /* PaletteComponent.cpp */; };
		118C38F01EC61404006FF4A1 /* PaletteComponent.cpp in Sources */ = {isa = PBXBuildFile; fileRef = 118C38ED1EC61404006FF4A1 /* PaletteComponent.cpp */; };
		11B71DCE1F09844300CDE209 /* symbolist.cpp in Sources */ = {isa = PBXBuildFile; fileRef = 44A3C1EC1EC317BE00C4AD14 /* symbolist.cpp */; };
		11B71DD11F098F1400CDE209 /* SymbolPropertiesPanel.cpp in Sources */ = {isa = PBXBuildFile; fileRef = 11B71DCF1F098F1400CDE209 /* SymbolPropertiesPanel.cpp */; };
		11B71DD21F098F1400CDE209 /* SymbolPropertiesPanel.cpp in Sources */ = {isa = PBXBuildFile; fileRef = 11B71DCF1F098F1400CDE209 /* SymbolPropertiesPanel.cpp */; };
		11B71DD31F098F1400CDE209 /* SymbolPropertiesPanel.cpp in Sources */ = {isa = PBXBuildFile; fileRef = 11B71DCF1F098F1400CDE209 /* SymbolPropertiesPanel.cpp */; };
		11B71DD41F098F1400CDE209 /* SymbolPropertiesPanel.h in Headers */ = {isa = PBXBuildFile; fileRef = 11B71DD01F098F1400CDE209 /* SymbolPropertiesPanel.h */; };
		11B71DD71F0AA83A00CDE209 /* OSCPropertyComponents.cpp in Sources */ = {isa = PBXBuildFile; fileRef = 11B71DD51F0AA83A00CDE209 /* OSCPropertyComponents.cpp */; };
		11B71DD81F0AA83A00CDE209 /* OSCPropertyComponents.cpp in Sources */ = {isa = PBXBuildFile; fileRef = 11B71DD51F0AA83A00CDE209 /* OSCPropertyComponents.cpp */; };
		11B71DD91F0AA83A00CDE209 /* OSCPropertyComponents.cpp in Sources */ = {isa = PBXBuildFile; fileRef = 11B71DD51F0AA83A00CDE209 /* OSCPropertyComponents.cpp */; };
		11B71DDA1F0AA83A00CDE209 /* OSCPropertyComponents.h in Headers */ = {isa = PBXBuildFile; fileRef = 11B71DD61F0AA83A00CDE209 /* OSCPropertyComponents.h */; };
		11CE00571EC328EC00E4F624 /* SymbolistMainComponent.cpp in Sources */ = {isa = PBXBuildFile; fileRef = 11CE00531EC328EC00E4F624 /* SymbolistMainComponent.cpp */; };
		11CE00581EC328EC00E4F624 /* SymbolistMainComponent.cpp in Sources */ = {isa = PBXBuildFile; fileRef = 11CE00531EC328EC00E4F624 /* SymbolistMainComponent.cpp */; };
		11CE005E1EC4B31200E4F624 /* ScoreComponent.cpp in Sources */ = {isa = PBXBuildFile; fileRef = 11CE005C1EC4B31200E4F624 /* ScoreComponent.cpp */; };
		11CE005F1EC4B31200E4F624 /* ScoreComponent.cpp in Sources */ = {isa = PBXBuildFile; fileRef = 11CE005C1EC4B31200E4F624 /* ScoreComponent.cpp */; };
		11D86B8B1EEAEF7900681F6D /* PathBaseComponent.cpp in Sources */ = {isa = PBXBuildFile; fileRef = 11D86B891EEAEF7900681F6D /* PathBaseComponent.cpp */; };
		11D86B8C1EEAEF7900681F6D /* PathBaseComponent.cpp in Sources */ = {isa = PBXBuildFile; fileRef = 11D86B891EEAEF7900681F6D /* PathBaseComponent.cpp */; };
		27D1022754DD8B9BF3100BB7 /* QuartzCore.framework in Frameworks */ = {isa = PBXBuildFile; fileRef = 4A18855981466E65AB497B9D /* QuartzCore.framework */; };
		41C3942D9A94933B560F98F2 /* include_juce_gui_basics.mm in Sources */ = {isa = PBXBuildFile; fileRef = 1FFFC6EDE4A457A367163EEE /* include_juce_gui_basics.mm */; };
		43C388A942D2F5ACD2A53FB6 /* WebKit.framework in Frameworks */ = {isa = PBXBuildFile; fileRef = 981D2B1E1F9131A715FECA14 /* WebKit.framework */; };
		4425D3051EF8599300B8BF1C /* SymbolistHandler.cpp in Sources */ = {isa = PBXBuildFile; fileRef = 4425D3041EF8599300B8BF1C /* SymbolistHandler.cpp */; };
		4425D3061EF8599300B8BF1C /* SymbolistHandler.cpp in Sources */ = {isa = PBXBuildFile; fileRef = 4425D3041EF8599300B8BF1C /* SymbolistHandler.cpp */; };
		4425D3071EF8599300B8BF1C /* SymbolistHandler.cpp in Sources */ = {isa = PBXBuildFile; fileRef = 4425D3041EF8599300B8BF1C /* SymbolistHandler.cpp */; };
		444C43A11EE4A2E4000C6F69 /* PageComponent.cpp in Sources */ = {isa = PBXBuildFile; fileRef = 444C439F1EE4A2E4000C6F69 /* PageComponent.cpp */; };
		444C43A21EE4A2E4000C6F69 /* PageComponent.cpp in Sources */ = {isa = PBXBuildFile; fileRef = 444C439F1EE4A2E4000C6F69 /* PageComponent.cpp */; };
		444C43A51EE4A748000C6F69 /* SymbolGroupComponent.cpp in Sources */ = {isa = PBXBuildFile; fileRef = 444C43A31EE4A748000C6F69 /* SymbolGroupComponent.cpp */; };
		444C43A61EE4A748000C6F69 /* SymbolGroupComponent.cpp in Sources */ = {isa = PBXBuildFile; fileRef = 444C43A31EE4A748000C6F69 /* SymbolGroupComponent.cpp */; };
		444CD9031EDDAF1B001AC03A /* SymbolistComponent.cpp in Sources */ = {isa = PBXBuildFile; fileRef = 444CD9021EDDAF1B001AC03A /* SymbolistComponent.cpp */; };
		444CD9041EDDAF1B001AC03A /* SymbolistComponent.cpp in Sources */ = {isa = PBXBuildFile; fileRef = 444CD9021EDDAF1B001AC03A /* SymbolistComponent.cpp */; };
		446363941EC6F4960054CB6D /* OSCIO.cpp in Sources */ = {isa = PBXBuildFile; fileRef = 446363931EC6F4960054CB6D /* OSCIO.cpp */; };
		446363951EC6F4960054CB6D /* OSCIO.cpp in Sources */ = {isa = PBXBuildFile; fileRef = 446363931EC6F4960054CB6D /* OSCIO.cpp */; };
		446388CF1EC34B310038CFCB /* Cocoa.framework in Frameworks */ = {isa = PBXBuildFile; fileRef = 26C36CB1C5754D666DE2579C /* Cocoa.framework */; };
		446388D01EC34B3E0038CFCB /* Carbon.framework in Frameworks */ = {isa = PBXBuildFile; fileRef = 87F9A8E8F628CFBD00805519 /* Carbon.framework */; };
		446388D11EC34B7A0038CFCB /* QuartzCore.framework in Frameworks */ = {isa = PBXBuildFile; fileRef = 4A18855981466E65AB497B9D /* QuartzCore.framework */; };
		446388D21EC34B840038CFCB /* WebKit.framework in Frameworks */ = {isa = PBXBuildFile; fileRef = 981D2B1E1F9131A715FECA14 /* WebKit.framework */; };
		446388D31EC34B980038CFCB /* IOKit.framework in Frameworks */ = {isa = PBXBuildFile; fileRef = 938CD7E1345066F383D85CAB /* IOKit.framework */; };
		446388D51EC34DC90038CFCB /* SymbolistMainWindow.cpp in Sources */ = {isa = PBXBuildFile; fileRef = 446388D41EC34DC90038CFCB /* SymbolistMainWindow.cpp */; };
		44A3C1EE1EC317BE00C4AD14 /* symbolist.cpp in Sources */ = {isa = PBXBuildFile; fileRef = 44A3C1EC1EC317BE00C4AD14 /* symbolist.cpp */; };
		44B718B11EDD9D010039884E /* Symbol.cpp in Sources */ = {isa = PBXBuildFile; fileRef = 44B718AF1EDD9D010039884E /* Symbol.cpp */; };
		44B718B21EDD9D010039884E /* Symbol.cpp in Sources */ = {isa = PBXBuildFile; fileRef = 44B718AF1EDD9D010039884E /* Symbol.cpp */; };
		44C0729C1EC4ADFA0028D5F8 /* juce_osc in Resources */ = {isa = PBXBuildFile; fileRef = 44C0729B1EC4ADFA0028D5F8 /* juce_osc */; };
		44C0729E1EC4AF870028D5F8 /* include_juce_osc.cpp in Sources */ = {isa = PBXBuildFile; fileRef = 44C0729D1EC4AF870028D5F8 /* include_juce_osc.cpp */; };
		44C0729F1EC4AF8C0028D5F8 /* include_juce_osc.cpp in Sources */ = {isa = PBXBuildFile; fileRef = 44C0729D1EC4AF870028D5F8 /* include_juce_osc.cpp */; };
		44CFE0391EC377EA009135F8 /* SymbolistMainWindow.cpp in Sources */ = {isa = PBXBuildFile; fileRef = 446388D41EC34DC90038CFCB /* SymbolistMainWindow.cpp */; };
		44CFE03A1EC3789C009135F8 /* include_juce_core.mm in Sources */ = {isa = PBXBuildFile; fileRef = 3FAB00DCF22EB4922567B583 /* include_juce_core.mm */; };
		44CFE03B1EC3789C009135F8 /* include_juce_data_structures.mm in Sources */ = {isa = PBXBuildFile; fileRef = B5F75CE38D2D3A7CD56C4F40 /* include_juce_data_structures.mm */; };
		44CFE03C1EC3789C009135F8 /* include_juce_events.mm in Sources */ = {isa = PBXBuildFile; fileRef = C69F3680012FCE60A205EF05 /* include_juce_events.mm */; };
		44CFE03D1EC3789C009135F8 /* include_juce_graphics.mm in Sources */ = {isa = PBXBuildFile; fileRef = 853ACA2E570BAA4D86EE11C0 /* include_juce_graphics.mm */; };
		44CFE03E1EC3789C009135F8 /* include_juce_gui_basics.mm in Sources */ = {isa = PBXBuildFile; fileRef = 1FFFC6EDE4A457A367163EEE /* include_juce_gui_basics.mm */; };
		44CFE03F1EC3789C009135F8 /* include_juce_gui_extra.mm in Sources */ = {isa = PBXBuildFile; fileRef = 48794DC1DC8CDA7359E3681F /* include_juce_gui_extra.mm */; };
		44EE9BBE1EC37D3E0021C5A8 /* Main.cpp in Sources */ = {isa = PBXBuildFile; fileRef = 11CE00511EC328DE00E4F624 /* Main.cpp */; };
		52B193FE560B5C8022529FF5 /* include_juce_data_structures.mm in Sources */ = {isa = PBXBuildFile; fileRef = B5F75CE38D2D3A7CD56C4F40 /* include_juce_data_structures.mm */; };
		6547753639FBD52E4D188A43 /* Carbon.framework in Frameworks */ = {isa = PBXBuildFile; fileRef = 87F9A8E8F628CFBD00805519 /* Carbon.framework */; };
		8D57C4E2ADEA2935AAB91AAC /* include_juce_graphics.mm in Sources */ = {isa = PBXBuildFile; fileRef = 853ACA2E570BAA4D86EE11C0 /* include_juce_graphics.mm */; };
		99140AD09D86B21587B6829C /* Cocoa.framework in Frameworks */ = {isa = PBXBuildFile; fileRef = 26C36CB1C5754D666DE2579C /* Cocoa.framework */; };
		AC7BC43E089630154F7F79D6 /* include_juce_core.mm in Sources */ = {isa = PBXBuildFile; fileRef = 3FAB00DCF22EB4922567B583 /* include_juce_core.mm */; };
		DCFD31ACD1189A6182E230EB /* IOKit.framework in Frameworks */ = {isa = PBXBuildFile; fileRef = 938CD7E1345066F383D85CAB /* IOKit.framework */; };
		DEB2281D4A6D7C6D0B2DB9EF /* RecentFilesMenuTemplate.nib in Resources */ = {isa = PBXBuildFile; fileRef = 5B4BF2AC43CE9859FE07665E /* RecentFilesMenuTemplate.nib */; };
		ECAB07494F266A96C75A7E47 /* include_juce_events.mm in Sources */ = {isa = PBXBuildFile; fileRef = C69F3680012FCE60A205EF05 /* include_juce_events.mm */; };
		F94D2D6E7B944172DB771A09 /* include_juce_gui_extra.mm in Sources */ = {isa = PBXBuildFile; fileRef = 48794DC1DC8CDA7359E3681F /* include_juce_gui_extra.mm */; };
/* End PBXBuildFile section */

/* Begin PBXFileReference section */
		1107B3DB1EF1751900E2DFA9 /* TextGlyphComponent.cpp */ = {isa = PBXFileReference; fileEncoding = 4; lastKnownFileType = sourcecode.cpp.cpp; name = TextGlyphComponent.cpp; path = ../../Source/TextGlyphComponent.cpp; sourceTree = "<group>"; };
		1107B3DC1EF1751900E2DFA9 /* TextGlyphComponent.h */ = {isa = PBXFileReference; fileEncoding = 4; lastKnownFileType = sourcecode.c.h; name = TextGlyphComponent.h; path = ../../Source/TextGlyphComponent.h; sourceTree = "<group>"; };
		1107B3DF1EF2D2BA00E2DFA9 /* PathHandleComponent.cpp */ = {isa = PBXFileReference; fileEncoding = 4; lastKnownFileType = sourcecode.cpp.cpp; name = PathHandleComponent.cpp; path = ../../Source/PathHandleComponent.cpp; sourceTree = "<group>"; };
		1107B3E01EF2D2BA00E2DFA9 /* PathHandleComponent.h */ = {isa = PBXFileReference; fileEncoding = 4; lastKnownFileType = sourcecode.c.h; name = PathHandleComponent.h; path = ../../Source/PathHandleComponent.h; sourceTree = "<group>"; };
		1107B3E71EF5388500E2DFA9 /* PathInfo.cpp */ = {isa = PBXFileReference; fileEncoding = 4; lastKnownFileType = sourcecode.cpp.cpp; name = PathInfo.cpp; path = ../../Source/PathInfo.cpp; sourceTree = "<group>"; };
		1107B3E81EF5388500E2DFA9 /* PathInfo.h */ = {isa = PBXFileReference; fileEncoding = 4; lastKnownFileType = sourcecode.c.h; name = PathInfo.h; path = ../../Source/PathInfo.h; sourceTree = "<group>"; };
		1107B3EF1EF7D53100E2DFA9 /* libsymbolist.a */ = {isa = PBXFileReference; explicitFileType = archive.ar; includeInIndex = 0; path = libsymbolist.a; sourceTree = BUILT_PRODUCTS_DIR; };
		118648941EFA811800904672 /* TimePointArray.cpp */ = {isa = PBXFileReference; fileEncoding = 4; lastKnownFileType = sourcecode.cpp.cpp; name = TimePointArray.cpp; path = ../../Source/TimePointArray.cpp; sourceTree = "<group>"; };
		118648951EFA811800904672 /* TimePointArray.h */ = {isa = PBXFileReference; fileEncoding = 4; lastKnownFileType = sourcecode.c.h; name = TimePointArray.h; path = ../../Source/TimePointArray.h; sourceTree = "<group>"; };
		1186489A1EFAC44100904672 /* ScoreCursor.cpp */ = {isa = PBXFileReference; fileEncoding = 4; lastKnownFileType = sourcecode.cpp.cpp; name = ScoreCursor.cpp; path = ../../Source/ScoreCursor.cpp; sourceTree = "<group>"; };
		1186489B1EFAC44100904672 /* ScoreCursor.h */ = {isa = PBXFileReference; fileEncoding = 4; lastKnownFileType = sourcecode.c.h; name = ScoreCursor.h; path = ../../Source/ScoreCursor.h; sourceTree = "<group>"; };
		118648A01EFBB5D500904672 /* TimePointGUI.cpp */ = {isa = PBXFileReference; fileEncoding = 4; lastKnownFileType = sourcecode.cpp.cpp; name = TimePointGUI.cpp; path = ../../Source/TimePointGUI.cpp; sourceTree = "<group>"; };
		118648A11EFBB5D500904672 /* TimePointGUI.h */ = {isa = PBXFileReference; fileEncoding = 4; lastKnownFileType = sourcecode.c.h; name = TimePointGUI.h; path = ../../Source/TimePointGUI.h; sourceTree = "<group>"; };
		118C38DC1EC5BC4F006FF4A1 /* Score.cpp */ = {isa = PBXFileReference; fileEncoding = 4; lastKnownFileType = sourcecode.cpp.cpp; name = Score.cpp; path = ../../Source/Score.cpp; sourceTree = "<group>"; };
		118C38DD1EC5BC4F006FF4A1 /* Score.h */ = {isa = PBXFileReference; fileEncoding = 4; lastKnownFileType = sourcecode.c.h; name = Score.h; path = ../../Source/Score.h; sourceTree = "<group>"; };
		118C38E21EC5EB23006FF4A1 /* BaseComponent.cpp */ = {isa = PBXFileReference; fileEncoding = 4; lastKnownFileType = sourcecode.cpp.cpp; name = BaseComponent.cpp; path = ../../Source/BaseComponent.cpp; sourceTree = "<group>"; };
		118C38ED1EC61404006FF4A1 /* PaletteComponent.cpp */ = {isa = PBXFileReference; fileEncoding = 4; lastKnownFileType = sourcecode.cpp.cpp; name = PaletteComponent.cpp; path = ../../Source/PaletteComponent.cpp; sourceTree = "<group>"; };
		118C38EE1EC61404006FF4A1 /* PaletteComponent.h */ = {isa = PBXFileReference; fileEncoding = 4; lastKnownFileType = sourcecode.c.h; name = PaletteComponent.h; path = ../../Source/PaletteComponent.h; sourceTree = "<group>"; };
		11B71DCF1F098F1400CDE209 /* SymbolPropertiesPanel.cpp */ = {isa = PBXFileReference; fileEncoding = 4; lastKnownFileType = sourcecode.cpp.cpp; name = SymbolPropertiesPanel.cpp; path = ../../Source/SymbolPropertiesPanel.cpp; sourceTree = "<group>"; };
		11B71DD01F098F1400CDE209 /* SymbolPropertiesPanel.h */ = {isa = PBXFileReference; fileEncoding = 4; lastKnownFileType = sourcecode.c.h; name = SymbolPropertiesPanel.h; path = ../../Source/SymbolPropertiesPanel.h; sourceTree = "<group>"; };
		11B71DD51F0AA83A00CDE209 /* OSCPropertyComponents.cpp */ = {isa = PBXFileReference; fileEncoding = 4; lastKnownFileType = sourcecode.cpp.cpp; name = OSCPropertyComponents.cpp; path = ../../Source/OSCPropertyComponents.cpp; sourceTree = "<group>"; };
		11B71DD61F0AA83A00CDE209 /* OSCPropertyComponents.h */ = {isa = PBXFileReference; fileEncoding = 4; lastKnownFileType = sourcecode.c.h; name = OSCPropertyComponents.h; path = ../../Source/OSCPropertyComponents.h; sourceTree = "<group>"; };
		11CE00201EC3271700E4F624 /* symbolist.app */ = {isa = PBXFileReference; explicitFileType = wrapper.application; includeInIndex = 0; path = symbolist.app; sourceTree = BUILT_PRODUCTS_DIR; };
		11CE00511EC328DE00E4F624 /* Main.cpp */ = {isa = PBXFileReference; fileEncoding = 4; lastKnownFileType = sourcecode.cpp.cpp; name = Main.cpp; path = ../../Source/Main.cpp; sourceTree = "<group>"; };
		11CE00531EC328EC00E4F624 /* SymbolistMainComponent.cpp */ = {isa = PBXFileReference; fileEncoding = 4; lastKnownFileType = sourcecode.cpp.cpp; name = SymbolistMainComponent.cpp; path = ../../Source/SymbolistMainComponent.cpp; sourceTree = "<group>"; };
		11CE005C1EC4B31200E4F624 /* ScoreComponent.cpp */ = {isa = PBXFileReference; fileEncoding = 4; lastKnownFileType = sourcecode.cpp.cpp; name = ScoreComponent.cpp; path = ../../Source/ScoreComponent.cpp; sourceTree = "<group>"; };
		11CE005D1EC4B31200E4F624 /* ScoreComponent.h */ = {isa = PBXFileReference; fileEncoding = 4; lastKnownFileType = sourcecode.c.h; name = ScoreComponent.h; path = ../../Source/ScoreComponent.h; sourceTree = "<group>"; };
		11CE00651EC4B90700E4F624 /* BaseComponent.h */ = {isa = PBXFileReference; lastKnownFileType = sourcecode.c.h; name = BaseComponent.h; path = ../../Source/BaseComponent.h; sourceTree = "<group>"; };
		11D86B891EEAEF7900681F6D /* PathBaseComponent.cpp */ = {isa = PBXFileReference; fileEncoding = 4; lastKnownFileType = sourcecode.cpp.cpp; name = PathBaseComponent.cpp; path = ../../Source/PathBaseComponent.cpp; sourceTree = "<group>"; };
		11D86B8A1EEAEF7900681F6D /* PathBaseComponent.h */ = {isa = PBXFileReference; fileEncoding = 4; lastKnownFileType = sourcecode.c.h; name = PathBaseComponent.h; path = ../../Source/PathBaseComponent.h; sourceTree = "<group>"; };
		11D86B8F1EEAF9FD00681F6D /* BasicShapePathComponents.h */ = {isa = PBXFileReference; fileEncoding = 4; lastKnownFileType = sourcecode.c.h; name = BasicShapePathComponents.h; path = ../../Source/BasicShapePathComponents.h; sourceTree = "<group>"; };
		1345DFF5C1163A6CDA99FFDC /* JuceHeader.h */ = {isa = PBXFileReference; lastKnownFileType = sourcecode.c.h; name = JuceHeader.h; path = ../../JuceLibraryCode/JuceHeader.h; sourceTree = SOURCE_ROOT; };
		1FFFC6EDE4A457A367163EEE /* include_juce_gui_basics.mm */ = {isa = PBXFileReference; lastKnownFileType = sourcecode.cpp.objcpp; name = include_juce_gui_basics.mm; path = ../../JuceLibraryCode/include_juce_gui_basics.mm; sourceTree = SOURCE_ROOT; };
		26C36CB1C5754D666DE2579C /* Cocoa.framework */ = {isa = PBXFileReference; lastKnownFileType = wrapper.framework; name = Cocoa.framework; path = System/Library/Frameworks/Cocoa.framework; sourceTree = SDKROOT; };
		29145EF0199DBA0ADDED7DCC /* juce_events */ = {isa = PBXFileReference; lastKnownFileType = folder; name = juce_events; path = ../../../JUCE/modules/juce_events; sourceTree = SOURCE_ROOT; };
		31AA60335333AFCFC2C433D3 /* symbolist.dylib */ = {isa = PBXFileReference; explicitFileType = "compiled.mach-o.dylib"; includeInIndex = 0; path = symbolist.dylib; sourceTree = BUILT_PRODUCTS_DIR; };
		34B8AF3D31715BC6E31E4944 /* juce_data_structures */ = {isa = PBXFileReference; lastKnownFileType = folder; name = juce_data_structures; path = ../../../JUCE/modules/juce_data_structures; sourceTree = SOURCE_ROOT; };
		3FAB00DCF22EB4922567B583 /* include_juce_core.mm */ = {isa = PBXFileReference; lastKnownFileType = sourcecode.cpp.objcpp; name = include_juce_core.mm; path = ../../JuceLibraryCode/include_juce_core.mm; sourceTree = SOURCE_ROOT; };
		4425D3031EF858C700B8BF1C /* SymbolistHandler.h */ = {isa = PBXFileReference; lastKnownFileType = sourcecode.c.h; name = SymbolistHandler.h; path = ../../Source/SymbolistHandler.h; sourceTree = "<group>"; };
		4425D3041EF8599300B8BF1C /* SymbolistHandler.cpp */ = {isa = PBXFileReference; fileEncoding = 4; lastKnownFileType = sourcecode.cpp.cpp; name = SymbolistHandler.cpp; path = ../../Source/SymbolistHandler.cpp; sourceTree = "<group>"; };
		444C439F1EE4A2E4000C6F69 /* PageComponent.cpp */ = {isa = PBXFileReference; fileEncoding = 4; lastKnownFileType = sourcecode.cpp.cpp; name = PageComponent.cpp; path = ../../Source/PageComponent.cpp; sourceTree = "<group>"; };
		444C43A01EE4A2E4000C6F69 /* PageComponent.h */ = {isa = PBXFileReference; fileEncoding = 4; lastKnownFileType = sourcecode.c.h; name = PageComponent.h; path = ../../Source/PageComponent.h; sourceTree = "<group>"; };
		444C43A31EE4A748000C6F69 /* SymbolGroupComponent.cpp */ = {isa = PBXFileReference; fileEncoding = 4; lastKnownFileType = sourcecode.cpp.cpp; name = SymbolGroupComponent.cpp; path = ../../Source/SymbolGroupComponent.cpp; sourceTree = "<group>"; };
		444C43A41EE4A748000C6F69 /* SymbolGroupComponent.h */ = {isa = PBXFileReference; fileEncoding = 4; lastKnownFileType = sourcecode.c.h; name = SymbolGroupComponent.h; path = ../../Source/SymbolGroupComponent.h; sourceTree = "<group>"; };
		444CD9021EDDAF1B001AC03A /* SymbolistComponent.cpp */ = {isa = PBXFileReference; fileEncoding = 4; lastKnownFileType = sourcecode.cpp.cpp; name = SymbolistComponent.cpp; path = ../../Source/SymbolistComponent.cpp; sourceTree = "<group>"; };
		445A661F1EDABDED00E2ADA2 /* SymbolistComponent.h */ = {isa = PBXFileReference; fileEncoding = 4; lastKnownFileType = sourcecode.c.h; name = SymbolistComponent.h; path = ../../Source/SymbolistComponent.h; sourceTree = "<group>"; };
		446363931EC6F4960054CB6D /* OSCIO.cpp */ = {isa = PBXFileReference; fileEncoding = 4; lastKnownFileType = sourcecode.cpp.cpp; name = OSCIO.cpp; path = ../../Source/OSCIO.cpp; sourceTree = "<group>"; };
		446363961EC8EF9C0054CB6D /* types.h */ = {isa = PBXFileReference; fileEncoding = 4; lastKnownFileType = sourcecode.c.h; name = types.h; path = ../../Source/types.h; sourceTree = "<group>"; };
		446388D41EC34DC90038CFCB /* SymbolistMainWindow.cpp */ = {isa = PBXFileReference; fileEncoding = 4; lastKnownFileType = sourcecode.cpp.cpp; name = SymbolistMainWindow.cpp; path = ../../Source/SymbolistMainWindow.cpp; sourceTree = "<group>"; };
		447FFBF31EC60CB60001000D /* OSCIO.h */ = {isa = PBXFileReference; fileEncoding = 4; lastKnownFileType = sourcecode.c.h; name = OSCIO.h; path = ../../Source/OSCIO.h; sourceTree = "<group>"; };
		44A3C1EC1EC317BE00C4AD14 /* symbolist.cpp */ = {isa = PBXFileReference; fileEncoding = 4; lastKnownFileType = sourcecode.cpp.cpp; name = symbolist.cpp; path = ../../Source/symbolist.cpp; sourceTree = "<group>"; };
		44A3C1ED1EC317BE00C4AD14 /* symbolist.hpp */ = {isa = PBXFileReference; fileEncoding = 4; lastKnownFileType = sourcecode.cpp.h; name = symbolist.hpp; path = ../../Source/symbolist.hpp; sourceTree = "<group>"; };
		44B718AF1EDD9D010039884E /* Symbol.cpp */ = {isa = PBXFileReference; fileEncoding = 4; lastKnownFileType = sourcecode.cpp.cpp; name = Symbol.cpp; path = ../../Source/Symbol.cpp; sourceTree = "<group>"; };
		44B718B01EDD9D010039884E /* Symbol.h */ = {isa = PBXFileReference; fileEncoding = 4; lastKnownFileType = sourcecode.c.h; name = Symbol.h; path = ../../Source/Symbol.h; sourceTree = "<group>"; };
		44C0729B1EC4ADFA0028D5F8 /* juce_osc */ = {isa = PBXFileReference; lastKnownFileType = folder; name = juce_osc; path = ../../../JUCE/modules/juce_osc; sourceTree = "<group>"; };
		44C0729D1EC4AF870028D5F8 /* include_juce_osc.cpp */ = {isa = PBXFileReference; fileEncoding = 4; lastKnownFileType = sourcecode.cpp.cpp; name = include_juce_osc.cpp; path = ../../JuceLibraryCode/include_juce_osc.cpp; sourceTree = "<group>"; };
		44CFE0411EC37BA5009135F8 /* SymbolistMainComponent.h */ = {isa = PBXFileReference; fileEncoding = 4; lastKnownFileType = sourcecode.c.h; name = SymbolistMainComponent.h; path = ../../Source/SymbolistMainComponent.h; sourceTree = "<group>"; };
		44CFE0421EC37BA5009135F8 /* SymbolistMainWindow.h */ = {isa = PBXFileReference; fileEncoding = 4; lastKnownFileType = sourcecode.c.h; name = SymbolistMainWindow.h; path = ../../Source/SymbolistMainWindow.h; sourceTree = "<group>"; };
		48794DC1DC8CDA7359E3681F /* include_juce_gui_extra.mm */ = {isa = PBXFileReference; lastKnownFileType = sourcecode.cpp.objcpp; name = include_juce_gui_extra.mm; path = ../../JuceLibraryCode/include_juce_gui_extra.mm; sourceTree = SOURCE_ROOT; };
		4A18855981466E65AB497B9D /* QuartzCore.framework */ = {isa = PBXFileReference; lastKnownFileType = wrapper.framework; name = QuartzCore.framework; path = System/Library/Frameworks/QuartzCore.framework; sourceTree = SDKROOT; };
		5B4BF2AC43CE9859FE07665E /* RecentFilesMenuTemplate.nib */ = {isa = PBXFileReference; lastKnownFileType = file.nib; path = RecentFilesMenuTemplate.nib; sourceTree = SOURCE_ROOT; };
		74EEE4D78BE87E05FED2C51C /* juce_gui_extra */ = {isa = PBXFileReference; lastKnownFileType = folder; name = juce_gui_extra; path = ../../../JUCE/modules/juce_gui_extra; sourceTree = SOURCE_ROOT; };
		7C0662791C58643C02BEA4BC /* AppConfig.h */ = {isa = PBXFileReference; lastKnownFileType = sourcecode.c.h; name = AppConfig.h; path = ../../JuceLibraryCode/AppConfig.h; sourceTree = SOURCE_ROOT; };
		853ACA2E570BAA4D86EE11C0 /* include_juce_graphics.mm */ = {isa = PBXFileReference; lastKnownFileType = sourcecode.cpp.objcpp; name = include_juce_graphics.mm; path = ../../JuceLibraryCode/include_juce_graphics.mm; sourceTree = SOURCE_ROOT; };
		87C0FE35ECEEB2961B46F3F9 /* juce_graphics */ = {isa = PBXFileReference; lastKnownFileType = folder; name = juce_graphics; path = ../../../JUCE/modules/juce_graphics; sourceTree = SOURCE_ROOT; };
		87F9A8E8F628CFBD00805519 /* Carbon.framework */ = {isa = PBXFileReference; lastKnownFileType = wrapper.framework; name = Carbon.framework; path = System/Library/Frameworks/Carbon.framework; sourceTree = SDKROOT; };
		938CD7E1345066F383D85CAB /* IOKit.framework */ = {isa = PBXFileReference; lastKnownFileType = wrapper.framework; name = IOKit.framework; path = System/Library/Frameworks/IOKit.framework; sourceTree = SDKROOT; };
		981D2B1E1F9131A715FECA14 /* WebKit.framework */ = {isa = PBXFileReference; lastKnownFileType = wrapper.framework; name = WebKit.framework; path = System/Library/Frameworks/WebKit.framework; sourceTree = SDKROOT; };
		B5F75CE38D2D3A7CD56C4F40 /* include_juce_data_structures.mm */ = {isa = PBXFileReference; lastKnownFileType = sourcecode.cpp.objcpp; name = include_juce_data_structures.mm; path = ../../JuceLibraryCode/include_juce_data_structures.mm; sourceTree = SOURCE_ROOT; };
		C69F3680012FCE60A205EF05 /* include_juce_events.mm */ = {isa = PBXFileReference; lastKnownFileType = sourcecode.cpp.objcpp; name = include_juce_events.mm; path = ../../JuceLibraryCode/include_juce_events.mm; sourceTree = SOURCE_ROOT; };
		D45CF2E128396322D5792F52 /* juce_gui_basics */ = {isa = PBXFileReference; lastKnownFileType = folder; name = juce_gui_basics; path = ../../../JUCE/modules/juce_gui_basics; sourceTree = SOURCE_ROOT; };
		E81C9BF38BAF0CF85EB29227 /* juce_core */ = {isa = PBXFileReference; lastKnownFileType = folder; name = juce_core; path = ../../../JUCE/modules/juce_core; sourceTree = SOURCE_ROOT; };
/* End PBXFileReference section */

/* Begin PBXFrameworksBuildPhase section */
		1107B3EC1EF7D53100E2DFA9 /* Frameworks */ = {
			isa = PBXFrameworksBuildPhase;
			buildActionMask = 2147483647;
			files = (
				118648761EF7E71900904672 /* WebKit.framework in Frameworks */,
				118648751EF7E71900904672 /* QuartzCore.framework in Frameworks */,
				118648731EF7E71500904672 /* Cocoa.framework in Frameworks */,
				118648721EF7E71200904672 /* Carbon.framework in Frameworks */,
				118648741EF7E71900904672 /* IOKit.framework in Frameworks */,
			);
			runOnlyForDeploymentPostprocessing = 0;
		};
		11CE001D1EC3271700E4F624 /* Frameworks */ = {
			isa = PBXFrameworksBuildPhase;
			buildActionMask = 2147483647;
			files = (
				446388D31EC34B980038CFCB /* IOKit.framework in Frameworks */,
				446388D21EC34B840038CFCB /* WebKit.framework in Frameworks */,
				446388D11EC34B7A0038CFCB /* QuartzCore.framework in Frameworks */,
				446388D01EC34B3E0038CFCB /* Carbon.framework in Frameworks */,
				446388CF1EC34B310038CFCB /* Cocoa.framework in Frameworks */,
			);
			runOnlyForDeploymentPostprocessing = 0;
		};
		DBAF9677E34AF377F9B64BC0 /* Frameworks */ = {
			isa = PBXFrameworksBuildPhase;
			buildActionMask = 2147483647;
			files = (
				6547753639FBD52E4D188A43 /* Carbon.framework in Frameworks */,
				99140AD09D86B21587B6829C /* Cocoa.framework in Frameworks */,
				DCFD31ACD1189A6182E230EB /* IOKit.framework in Frameworks */,
				27D1022754DD8B9BF3100BB7 /* QuartzCore.framework in Frameworks */,
				43C388A942D2F5ACD2A53FB6 /* WebKit.framework in Frameworks */,
			);
			runOnlyForDeploymentPostprocessing = 0;
		};
/* End PBXFrameworksBuildPhase section */

/* Begin PBXGroup section */
		0B36EDC8D7DFF8BAF3E150D2 /* Juce Library Code */ = {
			isa = PBXGroup;
			children = (
				44C0729D1EC4AF870028D5F8 /* include_juce_osc.cpp */,
				7C0662791C58643C02BEA4BC /* AppConfig.h */,
				3FAB00DCF22EB4922567B583 /* include_juce_core.mm */,
				B5F75CE38D2D3A7CD56C4F40 /* include_juce_data_structures.mm */,
				C69F3680012FCE60A205EF05 /* include_juce_events.mm */,
				853ACA2E570BAA4D86EE11C0 /* include_juce_graphics.mm */,
				1FFFC6EDE4A457A367163EEE /* include_juce_gui_basics.mm */,
				48794DC1DC8CDA7359E3681F /* include_juce_gui_extra.mm */,
				1345DFF5C1163A6CDA99FFDC /* JuceHeader.h */,
			);
			name = "Juce Library Code";
			sourceTree = "<group>";
		};
		117556381ED30F0F00203B67 /* main */ = {
			isa = PBXGroup;
			children = (
				4425D3031EF858C700B8BF1C /* SymbolistHandler.h */,
				4425D3041EF8599300B8BF1C /* SymbolistHandler.cpp */,
				44CFE0421EC37BA5009135F8 /* SymbolistMainWindow.h */,
				446388D41EC34DC90038CFCB /* SymbolistMainWindow.cpp */,
				44CFE0411EC37BA5009135F8 /* SymbolistMainComponent.h */,
				11CE00531EC328EC00E4F624 /* SymbolistMainComponent.cpp */,
			);
			name = main;
			sourceTree = "<group>";
		};
		118C38E11EC5C39F006FF4A1 /* score */ = {
			isa = PBXGroup;
			children = (
				447FFBF31EC60CB60001000D /* OSCIO.h */,
				446363931EC6F4960054CB6D /* OSCIO.cpp */,
				44B718B01EDD9D010039884E /* Symbol.h */,
				44B718AF1EDD9D010039884E /* Symbol.cpp */,
				118C38DD1EC5BC4F006FF4A1 /* Score.h */,
				118C38DC1EC5BC4F006FF4A1 /* Score.cpp */,
				118648941EFA811800904672 /* TimePointArray.cpp */,
				118648951EFA811800904672 /* TimePointArray.h */,
			);
			name = score;
			sourceTree = "<group>";
		};
		11B71DE11F0AD8EA00CDE209 /* property-panel */ = {
			isa = PBXGroup;
			children = (
				11B71DCF1F098F1400CDE209 /* SymbolPropertiesPanel.cpp */,
				11B71DD01F098F1400CDE209 /* SymbolPropertiesPanel.h */,
				11B71DD51F0AA83A00CDE209 /* OSCPropertyComponents.cpp */,
				11B71DD61F0AA83A00CDE209 /* OSCPropertyComponents.h */,
			);
			name = "property-panel";
			sourceTree = "<group>";
		};
		11CE00151EC3231E00E4F624 /* symbol-components */ = {
			isa = PBXGroup;
			children = (
				1107B3DB1EF1751900E2DFA9 /* TextGlyphComponent.cpp */,
				1107B3DC1EF1751900E2DFA9 /* TextGlyphComponent.h */,
				11D86B8F1EEAF9FD00681F6D /* BasicShapePathComponents.h */,
				11CE00651EC4B90700E4F624 /* BaseComponent.h */,
				118C38E21EC5EB23006FF4A1 /* BaseComponent.cpp */,
				444C43A41EE4A748000C6F69 /* SymbolGroupComponent.h */,
				444C43A31EE4A748000C6F69 /* SymbolGroupComponent.cpp */,
			);
			name = "symbol-components";
			sourceTree = "<group>";
		};
		11CE00431EC3275500E4F624 /* test-app */ = {
			isa = PBXGroup;
			children = (
				11CE00511EC328DE00E4F624 /* Main.cpp */,
			);
			name = "test-app";
			sourceTree = "<group>";
		};
		444572681EFA67BE00A7DECD /* path-tools */ = {
			isa = PBXGroup;
			children = (
				11D86B8A1EEAEF7900681F6D /* PathBaseComponent.h */,
				11D86B891EEAEF7900681F6D /* PathBaseComponent.cpp */,
				1107B3E01EF2D2BA00E2DFA9 /* PathHandleComponent.h */,
				1107B3DF1EF2D2BA00E2DFA9 /* PathHandleComponent.cpp */,
				1107B3E71EF5388500E2DFA9 /* PathInfo.cpp */,
				1107B3E81EF5388500E2DFA9 /* PathInfo.h */,
			);
			name = "path-tools";
			sourceTree = "<group>";
		};
		44DFA0951ED2C96600A6847A /* window-components */ = {
			isa = PBXGroup;
			children = (
				11CE005D1EC4B31200E4F624 /* ScoreComponent.h */,
				11CE005C1EC4B31200E4F624 /* ScoreComponent.cpp */,
				445A661F1EDABDED00E2ADA2 /* SymbolistComponent.h */,
				444CD9021EDDAF1B001AC03A /* SymbolistComponent.cpp */,
				118C38EE1EC61404006FF4A1 /* PaletteComponent.h */,
				118C38ED1EC61404006FF4A1 /* PaletteComponent.cpp */,
				444C43A01EE4A2E4000C6F69 /* PageComponent.h */,
				444C439F1EE4A2E4000C6F69 /* PageComponent.cpp */,
				1186489A1EFAC44100904672 /* ScoreCursor.cpp */,
				1186489B1EFAC44100904672 /* ScoreCursor.h */,
				118648A01EFBB5D500904672 /* TimePointGUI.cpp */,
				118648A11EFBB5D500904672 /* TimePointGUI.h */,
			);
			name = "window-components";
			sourceTree = "<group>";
		};
		5BA2DB05C7718E6A683CC674 /* symbolist */ = {
			isa = PBXGroup;
			children = (
				94DB1FD311AD2E0C403F6B7E /* Source */,
			);
			name = symbolist;
			sourceTree = "<group>";
		};
		6ECB92FA998F2C9408CA6B9F /* Source */ = {
			isa = PBXGroup;
			children = (
				5BA2DB05C7718E6A683CC674 /* symbolist */,
				94B8138ECA97E6DE808F6129 /* Juce Modules */,
				0B36EDC8D7DFF8BAF3E150D2 /* Juce Library Code */,
				7D07A1619BB37DE0267F74A0 /* Resources */,
				A7E24EB545247497BBEC11FC /* Frameworks */,
				DC261286FA49DEA35B3EC90D /* Products */,
			);
			name = Source;
			sourceTree = "<group>";
		};
		7D07A1619BB37DE0267F74A0 /* Resources */ = {
			isa = PBXGroup;
			children = (
				5B4BF2AC43CE9859FE07665E /* RecentFilesMenuTemplate.nib */,
			);
			name = Resources;
			sourceTree = "<group>";
		};
		94B8138ECA97E6DE808F6129 /* Juce Modules */ = {
			isa = PBXGroup;
			children = (
				44C0729B1EC4ADFA0028D5F8 /* juce_osc */,
				E81C9BF38BAF0CF85EB29227 /* juce_core */,
				34B8AF3D31715BC6E31E4944 /* juce_data_structures */,
				29145EF0199DBA0ADDED7DCC /* juce_events */,
				87C0FE35ECEEB2961B46F3F9 /* juce_graphics */,
				D45CF2E128396322D5792F52 /* juce_gui_basics */,
				74EEE4D78BE87E05FED2C51C /* juce_gui_extra */,
			);
			name = "Juce Modules";
			sourceTree = "<group>";
		};
		94DB1FD311AD2E0C403F6B7E /* Source */ = {
			isa = PBXGroup;
			children = (
				44A3C1ED1EC317BE00C4AD14 /* symbolist.hpp */,
				44A3C1EC1EC317BE00C4AD14 /* symbolist.cpp */,
				446363961EC8EF9C0054CB6D /* types.h */,
				118C38E11EC5C39F006FF4A1 /* score */,
				444572681EFA67BE00A7DECD /* path-tools */,
				11CE00151EC3231E00E4F624 /* symbol-components */,
				44DFA0951ED2C96600A6847A /* window-components */,
				11B71DE11F0AD8EA00CDE209 /* property-panel */,
				117556381ED30F0F00203B67 /* main */,
				11CE00431EC3275500E4F624 /* test-app */,
			);
			name = Source;
			sourceTree = "<group>";
		};
		A7E24EB545247497BBEC11FC /* Frameworks */ = {
			isa = PBXGroup;
			children = (
				87F9A8E8F628CFBD00805519 /* Carbon.framework */,
				26C36CB1C5754D666DE2579C /* Cocoa.framework */,
				938CD7E1345066F383D85CAB /* IOKit.framework */,
				4A18855981466E65AB497B9D /* QuartzCore.framework */,
				981D2B1E1F9131A715FECA14 /* WebKit.framework */,
			);
			name = Frameworks;
			sourceTree = "<group>";
		};
		DC261286FA49DEA35B3EC90D /* Products */ = {
			isa = PBXGroup;
			children = (
				31AA60335333AFCFC2C433D3 /* symbolist.dylib */,
				11CE00201EC3271700E4F624 /* symbolist.app */,
				1107B3EF1EF7D53100E2DFA9 /* libsymbolist.a */,
			);
			name = Products;
			sourceTree = "<group>";
		};
/* End PBXGroup section */

/* Begin PBXHeadersBuildPhase section */
		1107B3ED1EF7D53100E2DFA9 /* Headers */ = {
			isa = PBXHeadersBuildPhase;
			buildActionMask = 2147483647;
			files = (
				11B71DD41F098F1400CDE209 /* SymbolPropertiesPanel.h in Headers */,
				11B71DDA1F0AA83A00CDE209 /* OSCPropertyComponents.h in Headers */,
				118648991EFA811800904672 /* TimePointArray.h in Headers */,
			);
			runOnlyForDeploymentPostprocessing = 0;
		};
/* End PBXHeadersBuildPhase section */

/* Begin PBXNativeTarget section */
		1107B3EE1EF7D53100E2DFA9 /* symbolist - Static Library */ = {
			isa = PBXNativeTarget;
			buildConfigurationList = 1107B3F21EF7D53100E2DFA9 /* Build configuration list for PBXNativeTarget "symbolist - Static Library" */;
			buildPhases = (
				1107B3EB1EF7D53100E2DFA9 /* Sources */,
				1107B3EC1EF7D53100E2DFA9 /* Frameworks */,
				1107B3ED1EF7D53100E2DFA9 /* Headers */,
			);
			buildRules = (
			);
			dependencies = (
			);
			name = "symbolist - Static Library";
			productName = libsymbolist;
			productReference = 1107B3EF1EF7D53100E2DFA9 /* libsymbolist.a */;
			productType = "com.apple.product-type.library.static";
		};
		11CE001F1EC3271700E4F624 /* symbolist */ = {
			isa = PBXNativeTarget;
			buildConfigurationList = 11CE003D1EC3271700E4F624 /* Build configuration list for PBXNativeTarget "symbolist" */;
			buildPhases = (
				11CE001C1EC3271700E4F624 /* Sources */,
				11CE001D1EC3271700E4F624 /* Frameworks */,
				11CE001E1EC3271700E4F624 /* Resources */,
			);
			buildRules = (
			);
			dependencies = (
			);
			name = symbolist;
			productName = symbolist;
			productReference = 11CE00201EC3271700E4F624 /* symbolist.app */;
			productType = "com.apple.product-type.application";
		};
		EA3AF3830D077C2067752836 /* symbolist - Dynamic Library */ = {
			isa = PBXNativeTarget;
			buildConfigurationList = 5FDE9018167D6E2014DAA6B5 /* Build configuration list for PBXNativeTarget "symbolist - Dynamic Library" */;
			buildPhases = (
				F5AB22AD3C1CEF67BFA074FF /* Resources */,
				2A617DA9763C5E7BBA728C1F /* Sources */,
				DBAF9677E34AF377F9B64BC0 /* Frameworks */,
			);
			buildRules = (
			);
			dependencies = (
			);
			name = "symbolist - Dynamic Library";
			productName = symbolist;
			productReference = 31AA60335333AFCFC2C433D3 /* symbolist.dylib */;
			productType = "com.apple.product-type.library.dynamic";
		};
/* End PBXNativeTarget section */

/* Begin PBXProject section */
		F16325427F3A4A4FF8172C6D /* Project object */ = {
			isa = PBXProject;
			attributes = {
				LastUpgradeCheck = 0830;
				TargetAttributes = {
					1107B3EE1EF7D53100E2DFA9 = {
						CreatedOnToolsVersion = 6.3.1;
					};
					11CE001F1EC3271700E4F624 = {
						CreatedOnToolsVersion = 6.3.1;
					};
				};
			};
			buildConfigurationList = 1DD3065431DE8DDDE730383D /* Build configuration list for PBXProject "symbolist" */;
			compatibilityVersion = "Xcode 6.3";
			developmentRegion = English;
			hasScannedForEncodings = 0;
			knownRegions = (
				en,
				Base,
			);
			mainGroup = 6ECB92FA998F2C9408CA6B9F /* Source */;
			projectDirPath = "";
			projectRoot = "";
			targets = (
				EA3AF3830D077C2067752836 /* symbolist - Dynamic Library */,
				11CE001F1EC3271700E4F624 /* symbolist */,
				1107B3EE1EF7D53100E2DFA9 /* symbolist - Static Library */,
			);
		};
/* End PBXProject section */

/* Begin PBXResourcesBuildPhase section */
		11CE001E1EC3271700E4F624 /* Resources */ = {
			isa = PBXResourcesBuildPhase;
			buildActionMask = 2147483647;
			files = (
			);
			runOnlyForDeploymentPostprocessing = 0;
		};
		F5AB22AD3C1CEF67BFA074FF /* Resources */ = {
			isa = PBXResourcesBuildPhase;
			buildActionMask = 2147483647;
			files = (
				DEB2281D4A6D7C6D0B2DB9EF /* RecentFilesMenuTemplate.nib in Resources */,
				44C0729C1EC4ADFA0028D5F8 /* juce_osc in Resources */,
			);
			runOnlyForDeploymentPostprocessing = 0;
		};
/* End PBXResourcesBuildPhase section */

/* Begin PBXSourcesBuildPhase section */
		1107B3EB1EF7D53100E2DFA9 /* Sources */ = {
			isa = PBXSourcesBuildPhase;
			buildActionMask = 2147483647;
			files = (
				1186486F1EF7E68B00904672 /* include_juce_graphics.mm in Sources */,
				1107B3FC1EF7D55D00E2DFA9 /* BaseComponent.cpp in Sources */,
				1186486C1EF7E68B00904672 /* include_juce_core.mm in Sources */,
				1107B3F31EF7D54800E2DFA9 /* symbolist.cpp in Sources */,
				1107B3FB1EF7D55D00E2DFA9 /* PathBaseComponent.cpp in Sources */,
				118648701EF7E68B00904672 /* include_juce_gui_basics.mm in Sources */,
				4425D3071EF8599300B8BF1C /* SymbolistHandler.cpp in Sources */,
				1107B3FD1EF7D55D00E2DFA9 /* SymbolGroupComponent.cpp in Sources */,
				1186486D1EF7E68B00904672 /* include_juce_data_structures.mm in Sources */,
				1107B3F41EF7D54E00E2DFA9 /* OSCIO.cpp in Sources */,
				11B71DD31F098F1400CDE209 /* SymbolPropertiesPanel.cpp in Sources */,
				1107B3F61EF7D55D00E2DFA9 /* Score.cpp in Sources */,
				1186489E1EFAC44100904672 /* ScoreCursor.cpp in Sources */,
				1107B4011EF7D55D00E2DFA9 /* SymbolistComponent.cpp in Sources */,
				1107B3FA1EF7D55D00E2DFA9 /* PathHandleComponent.cpp in Sources */,
				1107B3FF1EF7D55D00E2DFA9 /* PageComponent.cpp in Sources */,
				1107B4021EF7D55D00E2DFA9 /* SymbolistMainComponent.cpp in Sources */,
				1107B3F51EF7D55D00E2DFA9 /* Symbol.cpp in Sources */,
				1107B4001EF7D55D00E2DFA9 /* ScoreComponent.cpp in Sources */,
				118648A41EFBB5D500904672 /* TimePointGUI.cpp in Sources */,
				1107B3F71EF7D55D00E2DFA9 /* TextGlyphComponent.cpp in Sources */,
				118648981EFA811800904672 /* TimePointArray.cpp in Sources */,
				11B71DD91F0AA83A00CDE209 /* OSCPropertyComponents.cpp in Sources */,
				118648711EF7E68B00904672 /* include_juce_gui_extra.mm in Sources */,
				1107B4031EF7D55D00E2DFA9 /* SymbolistMainWindow.cpp in Sources */,
				1107B3F91EF7D55D00E2DFA9 /* PathInfo.cpp in Sources */,
				1107B3FE1EF7D55D00E2DFA9 /* PaletteComponent.cpp in Sources */,
				1186486B1EF7E68200904672 /* include_juce_osc.cpp in Sources */,
				1186486E1EF7E68B00904672 /* include_juce_events.mm in Sources */,
			);
			runOnlyForDeploymentPostprocessing = 0;
		};
		11CE001C1EC3271700E4F624 /* Sources */ = {
			isa = PBXSourcesBuildPhase;
			buildActionMask = 2147483647;
			files = (
				446363951EC6F4960054CB6D /* OSCIO.cpp in Sources */,
				11CE005F1EC4B31200E4F624 /* ScoreComponent.cpp in Sources */,
				44EE9BBE1EC37D3E0021C5A8 /* Main.cpp in Sources */,
				44CFE03D1EC3789C009135F8 /* include_juce_graphics.mm in Sources */,
				11CE00581EC328EC00E4F624 /* SymbolistMainComponent.cpp in Sources */,
				44B718B21EDD9D010039884E /* Symbol.cpp in Sources */,
				4425D3061EF8599300B8BF1C /* SymbolistHandler.cpp in Sources */,
				444C43A21EE4A2E4000C6F69 /* PageComponent.cpp in Sources */,
				44CFE03A1EC3789C009135F8 /* include_juce_core.mm in Sources */,
				44CFE03F1EC3789C009135F8 /* include_juce_gui_extra.mm in Sources */,
				118C38E41EC5EB23006FF4A1 /* BaseComponent.cpp in Sources */,
				44CFE03C1EC3789C009135F8 /* include_juce_events.mm in Sources */,
				11B71DD21F098F1400CDE209 /* SymbolPropertiesPanel.cpp in Sources */,
				1186489D1EFAC44100904672 /* ScoreCursor.cpp in Sources */,
				118C38DF1EC5BC4F006FF4A1 /* Score.cpp in Sources */,
				444CD9041EDDAF1B001AC03A /* SymbolistComponent.cpp in Sources */,
				44CFE03E1EC3789C009135F8 /* include_juce_gui_basics.mm in Sources */,
				1107B3EA1EF5388500E2DFA9 /* PathInfo.cpp in Sources */,
				11D86B8C1EEAEF7900681F6D /* PathBaseComponent.cpp in Sources */,
				44C0729F1EC4AF8C0028D5F8 /* include_juce_osc.cpp in Sources */,
				118648A31EFBB5D500904672 /* TimePointGUI.cpp in Sources */,
				118648971EFA811800904672 /* TimePointArray.cpp in Sources */,
				1107B3DE1EF1751900E2DFA9 /* TextGlyphComponent.cpp in Sources */,
				1107B3E21EF2D45500E2DFA9 /* PathHandleComponent.cpp in Sources */,
				11B71DD81F0AA83A00CDE209 /* OSCPropertyComponents.cpp in Sources */,
				44CFE03B1EC3789C009135F8 /* include_juce_data_structures.mm in Sources */,
				44CFE0391EC377EA009135F8 /* SymbolistMainWindow.cpp in Sources */,
				444C43A61EE4A748000C6F69 /* SymbolGroupComponent.cpp in Sources */,
				11B71DCE1F09844300CDE209 /* symbolist.cpp in Sources */,
				118C38F01EC61404006FF4A1 /* PaletteComponent.cpp in Sources */,
			);
			runOnlyForDeploymentPostprocessing = 0;
		};
		2A617DA9763C5E7BBA728C1F /* Sources */ = {
			isa = PBXSourcesBuildPhase;
			buildActionMask = 2147483647;
			files = (
				446363941EC6F4960054CB6D /* OSCIO.cpp in Sources */,
				11CE005E1EC4B31200E4F624 /* ScoreComponent.cpp in Sources */,
				AC7BC43E089630154F7F79D6 /* include_juce_core.mm in Sources */,
				52B193FE560B5C8022529FF5 /* include_juce_data_structures.mm in Sources */,
				11CE00571EC328EC00E4F624 /* SymbolistMainComponent.cpp in Sources */,
				44B718B11EDD9D010039884E /* Symbol.cpp in Sources */,
				4425D3051EF8599300B8BF1C /* SymbolistHandler.cpp in Sources */,
				444C43A11EE4A2E4000C6F69 /* PageComponent.cpp in Sources */,
				ECAB07494F266A96C75A7E47 /* include_juce_events.mm in Sources */,
				446388D51EC34DC90038CFCB /* SymbolistMainWindow.cpp in Sources */,
				11B71DD11F098F1400CDE209 /* SymbolPropertiesPanel.cpp in Sources */,
				118C38E31EC5EB23006FF4A1 /* BaseComponent.cpp in Sources */,
				8D57C4E2ADEA2935AAB91AAC /* include_juce_graphics.mm in Sources */,
				1186489C1EFAC44100904672 /* ScoreCursor.cpp in Sources */,
				118C38DE1EC5BC4F006FF4A1 /* Score.cpp in Sources */,
				444CD9031EDDAF1B001AC03A /* SymbolistComponent.cpp in Sources */,
				41C3942D9A94933B560F98F2 /* include_juce_gui_basics.mm in Sources */,
				1107B3E91EF5388500E2DFA9 /* PathInfo.cpp in Sources */,
				11D86B8B1EEAEF7900681F6D /* PathBaseComponent.cpp in Sources */,
				44C0729E1EC4AF870028D5F8 /* include_juce_osc.cpp in Sources */,
				118648A21EFBB5D500904672 /* TimePointGUI.cpp in Sources */,
				118648961EFA811800904672 /* TimePointArray.cpp in Sources */,
				11B71DD71F0AA83A00CDE209 /* OSCPropertyComponents.cpp in Sources */,
				1107B3DD1EF1751900E2DFA9 /* TextGlyphComponent.cpp in Sources */,
				1107B3E11EF2D2BA00E2DFA9 /* PathHandleComponent.cpp in Sources */,
				F94D2D6E7B944172DB771A09 /* include_juce_gui_extra.mm in Sources */,
				44A3C1EE1EC317BE00C4AD14 /* symbolist.cpp in Sources */,
				444C43A51EE4A748000C6F69 /* SymbolGroupComponent.cpp in Sources */,
				118C38EF1EC61404006FF4A1 /* PaletteComponent.cpp in Sources */,
			);
			runOnlyForDeploymentPostprocessing = 0;
		};
/* End PBXSourcesBuildPhase section */

/* Begin XCBuildConfiguration section */
		1107B3F01EF7D53100E2DFA9 /* Debug */ = {
			isa = XCBuildConfiguration;
			buildSettings = {
				ARCHS = (
					x86_64,
					i386,
				);
				CLANG_CXX_LANGUAGE_STANDARD = "c++0x";
				CLANG_CXX_LIBRARY = "compiler-default";
				CLANG_ENABLE_MODULES = NO;
				CLANG_ENABLE_OBJC_ARC = NO;
				CLANG_LINK_OBJC_RUNTIME = NO;
				CLANG_WARN_DIRECT_OBJC_ISA_USAGE = YES_ERROR;
				CLANG_WARN_OBJC_ROOT_CLASS = YES_ERROR;
				CLANG_WARN__DUPLICATE_METHOD_MATCH = YES;
				COMBINE_HIDPI_IMAGES = YES;
				COPY_PHASE_STRIP = NO;
				ENABLE_NS_ASSERTIONS = YES;
				ENABLE_STRICT_OBJC_MSGSEND = NO;
				EXECUTABLE_PREFIX = lib;
				GCC_C_LANGUAGE_STANDARD = c11;
				GCC_DYNAMIC_NO_PIC = NO;
				GCC_INLINES_ARE_PRIVATE_EXTERN = NO;
				GCC_NO_COMMON_BLOCKS = NO;
				GCC_OPTIMIZATION_LEVEL = 0;
				GCC_PREPROCESSOR_DEFINITIONS = (
					"_DEBUG=1",
					"DEBUG=1",
					"JUCER_XCODE_MAC_F6D2F4CF=1",
					"JUCE_APP_VERSION=1.0.0",
					"JUCE_APP_VERSION_HEX=0x10000",
					"JucePlugin_Build_VST=0",
					"JucePlugin_Build_VST3=0",
					"JucePlugin_Build_AU=0",
					"JucePlugin_Build_AUv3=0",
					"JucePlugin_Build_RTAS=0",
					"JucePlugin_Build_AAX=0",
					"JucePlugin_Build_Standalone=0",
				);
				GCC_SYMBOLS_PRIVATE_EXTERN = NO;
				GCC_VERSION = com.apple.compilers.llvm.clang.1_0;
				GCC_WARN_UNDECLARED_SELECTOR = YES;
				MACOSX_DEPLOYMENT_TARGET = 10.10;
				MTL_ENABLE_DEBUG_INFO = YES;
				ONLY_ACTIVE_ARCH = NO;
				SDKROOT = "";
			};
			name = Debug;
		};
		1107B3F11EF7D53100E2DFA9 /* Release */ = {
			isa = XCBuildConfiguration;
			buildSettings = {
				ARCHS = (
					x86_64,
					i386,
				);
				CLANG_CXX_LANGUAGE_STANDARD = "c++0x";
				CLANG_CXX_LIBRARY = "compiler-default";
				CLANG_ENABLE_MODULES = NO;
				CLANG_ENABLE_OBJC_ARC = NO;
				CLANG_LINK_OBJC_RUNTIME = NO;
				CLANG_WARN_DIRECT_OBJC_ISA_USAGE = YES_ERROR;
				CLANG_WARN_OBJC_ROOT_CLASS = YES_ERROR;
				CLANG_WARN__DUPLICATE_METHOD_MATCH = YES;
				COMBINE_HIDPI_IMAGES = YES;
				COPY_PHASE_STRIP = YES;
				DEAD_CODE_STRIPPING = YES;
				DEBUG_INFORMATION_FORMAT = "dwarf-with-dsym";
				ENABLE_NS_ASSERTIONS = YES;
				ENABLE_STRICT_OBJC_MSGSEND = NO;
				EXECUTABLE_PREFIX = lib;
				GCC_C_LANGUAGE_STANDARD = c11;
				GCC_GENERATE_DEBUGGING_SYMBOLS = NO;
				GCC_INLINES_ARE_PRIVATE_EXTERN = NO;
				GCC_NO_COMMON_BLOCKS = NO;
				GCC_OPTIMIZATION_LEVEL = 3;
				GCC_PREPROCESSOR_DEFINITIONS = (
					"_NDEBUG=1",
					"NDEBUG=1",
					"JUCER_XCODE_MAC_F6D2F4CF=1",
					"JUCE_APP_VERSION=1.0.0",
					"JUCE_APP_VERSION_HEX=0x10000",
					"JucePlugin_Build_VST=0",
					"JucePlugin_Build_VST3=0",
					"JucePlugin_Build_AU=0",
					"JucePlugin_Build_AUv3=0",
					"JucePlugin_Build_RTAS=0",
					"JucePlugin_Build_AAX=0",
					"JucePlugin_Build_Standalone=0",
				);
				GCC_SYMBOLS_PRIVATE_EXTERN = YES;
				GCC_VERSION = com.apple.compilers.llvm.clang.1_0;
				GCC_WARN_UNDECLARED_SELECTOR = YES;
				MACOSX_DEPLOYMENT_TARGET = 10.10;
				MTL_ENABLE_DEBUG_INFO = NO;
				ONLY_ACTIVE_ARCH = NO;
				SDKROOT = "";
			};
			name = Release;
		};
		11CE003E1EC3271700E4F624 /* Debug */ = {
			isa = XCBuildConfiguration;
			buildSettings = {
				ASSETCATALOG_COMPILER_APPICON_NAME = AppIcon;
				CLANG_CXX_LANGUAGE_STANDARD = "gnu++0x";
				CLANG_CXX_LIBRARY = "libc++";
				CLANG_ENABLE_MODULES = YES;
				CLANG_ENABLE_OBJC_ARC = NO;
				CLANG_WARN_BOOL_CONVERSION = YES;
				CLANG_WARN_CONSTANT_CONVERSION = YES;
				CLANG_WARN_DIRECT_OBJC_ISA_USAGE = YES_ERROR;
				CLANG_WARN_EMPTY_BODY = YES;
				CLANG_WARN_ENUM_CONVERSION = YES;
				CLANG_WARN_INT_CONVERSION = YES;
				CLANG_WARN_OBJC_ROOT_CLASS = YES_ERROR;
				CLANG_WARN_UNREACHABLE_CODE = YES;
				CLANG_WARN__DUPLICATE_METHOD_MATCH = YES;
				CODE_SIGN_IDENTITY = "-";
				COMBINE_HIDPI_IMAGES = YES;
				COPY_PHASE_STRIP = NO;
				ENABLE_STRICT_OBJC_MSGSEND = YES;
				GCC_C_LANGUAGE_STANDARD = gnu99;
				GCC_DYNAMIC_NO_PIC = NO;
				GCC_NO_COMMON_BLOCKS = YES;
				GCC_OPTIMIZATION_LEVEL = 0;
				GCC_PREPROCESSOR_DEFINITIONS = (
					"DEBUG=1",
					"$(inherited)",
				);
				GCC_SYMBOLS_PRIVATE_EXTERN = NO;
				GCC_WARN_64_TO_32_BIT_CONVERSION = YES;
				GCC_WARN_ABOUT_RETURN_TYPE = YES_ERROR;
				GCC_WARN_UNDECLARED_SELECTOR = YES;
				GCC_WARN_UNINITIALIZED_AUTOS = YES_AGGRESSIVE;
				GCC_WARN_UNUSED_FUNCTION = YES;
				HEADER_SEARCH_PATHS = (
					"$(inherited)",
					/Applications/Xcode.app/Contents/Developer/Toolchains/XcodeDefault.xctoolchain/usr/include,
					../../JuceLibraryCode,
					../../../JUCE/modules,
				);
				INFOPLIST_FILE = Info.plist;
				LD_RUNPATH_SEARCH_PATHS = "";
				MACOSX_DEPLOYMENT_TARGET = 10.10;
				MTL_ENABLE_DEBUG_INFO = YES;
				PRODUCT_NAME = "$(TARGET_NAME)";
				SDKROOT = macosx;
			};
			name = Debug;
		};
		11CE003F1EC3271700E4F624 /* Release */ = {
			isa = XCBuildConfiguration;
			buildSettings = {
				ASSETCATALOG_COMPILER_APPICON_NAME = AppIcon;
				CLANG_CXX_LANGUAGE_STANDARD = "gnu++0x";
				CLANG_CXX_LIBRARY = "libc++";
				CLANG_ENABLE_MODULES = YES;
				CLANG_ENABLE_OBJC_ARC = NO;
				CLANG_WARN_BOOL_CONVERSION = YES;
				CLANG_WARN_CONSTANT_CONVERSION = YES;
				CLANG_WARN_DIRECT_OBJC_ISA_USAGE = YES_ERROR;
				CLANG_WARN_EMPTY_BODY = YES;
				CLANG_WARN_ENUM_CONVERSION = YES;
				CLANG_WARN_INT_CONVERSION = YES;
				CLANG_WARN_OBJC_ROOT_CLASS = YES_ERROR;
				CLANG_WARN_UNREACHABLE_CODE = YES;
				CLANG_WARN__DUPLICATE_METHOD_MATCH = YES;
				CODE_SIGN_IDENTITY = "-";
				COMBINE_HIDPI_IMAGES = YES;
				COPY_PHASE_STRIP = NO;
				DEBUG_INFORMATION_FORMAT = "dwarf-with-dsym";
				ENABLE_NS_ASSERTIONS = NO;
				ENABLE_STRICT_OBJC_MSGSEND = YES;
				GCC_C_LANGUAGE_STANDARD = gnu99;
				GCC_NO_COMMON_BLOCKS = YES;
				GCC_WARN_64_TO_32_BIT_CONVERSION = YES;
				GCC_WARN_ABOUT_RETURN_TYPE = YES_ERROR;
				GCC_WARN_UNDECLARED_SELECTOR = YES;
				GCC_WARN_UNINITIALIZED_AUTOS = YES_AGGRESSIVE;
				GCC_WARN_UNUSED_FUNCTION = YES;
				HEADER_SEARCH_PATHS = (
					"$(inherited)",
					/Applications/Xcode.app/Contents/Developer/Toolchains/XcodeDefault.xctoolchain/usr/include,
					../../JuceLibraryCode,
					../../../JUCE/modules,
				);
				INFOPLIST_FILE = Info.plist;
				LD_RUNPATH_SEARCH_PATHS = "";
				MACOSX_DEPLOYMENT_TARGET = 10.10;
				MTL_ENABLE_DEBUG_INFO = NO;
				PRODUCT_NAME = "$(TARGET_NAME)";
				SDKROOT = macosx;
			};
			name = Release;
		};
		74722B74997DF4BA2C53CF38 /* Release */ = {
			isa = XCBuildConfiguration;
			buildSettings = {
				CLANG_CXX_LANGUAGE_STANDARD = "c++0x";
				CLANG_LINK_OBJC_RUNTIME = NO;
				COMBINE_HIDPI_IMAGES = YES;
				CONFIGURATION_BUILD_DIR = "$(PROJECT_DIR)/build/$(CONFIGURATION)";
				DEAD_CODE_STRIPPING = YES;
				GCC_GENERATE_DEBUGGING_SYMBOLS = NO;
				GCC_OPTIMIZATION_LEVEL = 3;
				GCC_PREPROCESSOR_DEFINITIONS = (
					"_NDEBUG=1",
					"NDEBUG=1",
					"JUCER_XCODE_MAC_14B734C3=1",
					"JUCE_APP_VERSION=1.0.0",
					"JUCE_APP_VERSION_HEX=0x10000",
					"JucePlugin_Build_VST=0",
					"JucePlugin_Build_VST3=0",
					"JucePlugin_Build_AU=0",
					"JucePlugin_Build_AUv3=0",
					"JucePlugin_Build_RTAS=0",
					"JucePlugin_Build_AAX=0",
					"JucePlugin_Build_Standalone=0",
				);
				GCC_SYMBOLS_PRIVATE_EXTERN = YES;
				GCC_VERSION = com.apple.compilers.llvm.clang.1_0;
				HEADER_SEARCH_PATHS = (
					../../JuceLibraryCode,
					../../../JUCE/modules,
					/juce_audio_plugin_client,
					"$(inherited)",
				);
				MACOSX_DEPLOYMENT_TARGET = 10.10;
				MACOSX_DEPLOYMENT_TARGET_ppc = 10.4;
				PRODUCT_BUNDLE_IDENTIFIER = com.yourcompany.symbolist;
				SDKROOT_ppc = macosx10.5;
			};
			name = Release;
		};
		95E11BE5451AA0E18B8CB8A8 /* Release */ = {
			isa = XCBuildConfiguration;
			buildSettings = {
				ALWAYS_SEARCH_USER_PATHS = NO;
				DEBUG_INFORMATION_FORMAT = dwarf;
				GCC_C_LANGUAGE_STANDARD = c11;
				GCC_INLINES_ARE_PRIVATE_EXTERN = YES;
				GCC_MODEL_TUNING = G5;
				GCC_WARN_ABOUT_RETURN_TYPE = YES;
				GCC_WARN_CHECK_SWITCH_STATEMENTS = YES;
				GCC_WARN_MISSING_PARENTHESES = YES;
				GCC_WARN_NON_VIRTUAL_DESTRUCTOR = YES;
				GCC_WARN_TYPECHECK_CALLS_TO_PRINTF = YES;
				GCC_WARN_UNUSED_VARIABLE = YES;
				HEADER_SEARCH_PATHS = (
					../../JuceLibraryCode,
					../../../JUCE/modules,
					/juce_audio_plugin_client,
					"$(inherited)",
				);
				PRODUCT_NAME = symbolist;
				WARNING_CFLAGS = "-Wreorder";
				ZERO_LINK = NO;
			};
			name = Release;
		};
		AC75E7DB2B4D46CEFCBDA6B0 /* Debug */ = {
			isa = XCBuildConfiguration;
			buildSettings = {
				CLANG_CXX_LANGUAGE_STANDARD = "c++0x";
				CLANG_LINK_OBJC_RUNTIME = NO;
				COMBINE_HIDPI_IMAGES = YES;
				CONFIGURATION_BUILD_DIR = "$(PROJECT_DIR)/build/$(CONFIGURATION)";
				COPY_PHASE_STRIP = NO;
				GCC_DYNAMIC_NO_PIC = NO;
				GCC_OPTIMIZATION_LEVEL = 0;
				GCC_PREPROCESSOR_DEFINITIONS = (
					"_DEBUG=1",
					"DEBUG=1",
					"JUCER_XCODE_MAC_14B734C3=1",
					"JUCE_APP_VERSION=1.0.0",
					"JUCE_APP_VERSION_HEX=0x10000",
					"JucePlugin_Build_VST=0",
					"JucePlugin_Build_VST3=0",
					"JucePlugin_Build_AU=0",
					"JucePlugin_Build_AUv3=0",
					"JucePlugin_Build_RTAS=0",
					"JucePlugin_Build_AAX=0",
					"JucePlugin_Build_Standalone=0",
				);
				GCC_VERSION = com.apple.compilers.llvm.clang.1_0;
				HEADER_SEARCH_PATHS = (
					../../JuceLibraryCode,
					../../../JUCE/modules,
					/juce_audio_plugin_client,
					"$(inherited)",
				);
				MACOSX_DEPLOYMENT_TARGET = 10.10;
				MACOSX_DEPLOYMENT_TARGET_ppc = 10.4;
				PRODUCT_BUNDLE_IDENTIFIER = com.yourcompany.symbolist;
				SDKROOT_ppc = macosx10.5;
			};
			name = Debug;
		};
		B1E8BEB2EE035BD45641570B /* Debug */ = {
			isa = XCBuildConfiguration;
			buildSettings = {
				ALWAYS_SEARCH_USER_PATHS = NO;
				DEBUG_INFORMATION_FORMAT = dwarf;
				ENABLE_TESTABILITY = YES;
				GCC_C_LANGUAGE_STANDARD = c11;
				GCC_INLINES_ARE_PRIVATE_EXTERN = YES;
				GCC_MODEL_TUNING = G5;
				GCC_WARN_ABOUT_RETURN_TYPE = YES;
				GCC_WARN_CHECK_SWITCH_STATEMENTS = YES;
				GCC_WARN_MISSING_PARENTHESES = YES;
				GCC_WARN_NON_VIRTUAL_DESTRUCTOR = YES;
				GCC_WARN_TYPECHECK_CALLS_TO_PRINTF = YES;
				GCC_WARN_UNUSED_VARIABLE = YES;
				HEADER_SEARCH_PATHS = (
					../../JuceLibraryCode,
					../../../JUCE/modules,
					/juce_audio_plugin_client,
					"$(inherited)",
				);
				ONLY_ACTIVE_ARCH = YES;
				PRODUCT_NAME = symbolist;
				WARNING_CFLAGS = "-Wreorder";
				ZERO_LINK = NO;
			};
			name = Debug;
		};
/* End XCBuildConfiguration section */

/* Begin XCConfigurationList section */
		1107B3F21EF7D53100E2DFA9 /* Build configuration list for PBXNativeTarget "symbolist - Static Library" */ = {
			isa = XCConfigurationList;
			buildConfigurations = (
				1107B3F01EF7D53100E2DFA9 /* Debug */,
				1107B3F11EF7D53100E2DFA9 /* Release */,
			);
			defaultConfigurationIsVisible = 0;
			defaultConfigurationName = Debug;
		};
		11CE003D1EC3271700E4F624 /* Build configuration list for PBXNativeTarget "symbolist" */ = {
			isa = XCConfigurationList;
			buildConfigurations = (
				11CE003E1EC3271700E4F624 /* Debug */,
				11CE003F1EC3271700E4F624 /* Release */,
			);
			defaultConfigurationIsVisible = 0;
			defaultConfigurationName = Debug;
		};
		1DD3065431DE8DDDE730383D /* Build configuration list for PBXProject "symbolist" */ = {
			isa = XCConfigurationList;
			buildConfigurations = (
				B1E8BEB2EE035BD45641570B /* Debug */,
				95E11BE5451AA0E18B8CB8A8 /* Release */,
			);
			defaultConfigurationIsVisible = 0;
			defaultConfigurationName = Debug;
		};
		5FDE9018167D6E2014DAA6B5 /* Build configuration list for PBXNativeTarget "symbolist - Dynamic Library" */ = {
			isa = XCConfigurationList;
			buildConfigurations = (
				AC75E7DB2B4D46CEFCBDA6B0 /* Debug */,
				74722B74997DF4BA2C53CF38 /* Release */,
			);
			defaultConfigurationIsVisible = 0;
			defaultConfigurationName = Debug;
		};
/* End XCConfigurationList section */
	};
	rootObject = F16325427F3A4A4FF8172C6D /* Project object */;
}
